// !$*UTF8*$!
{
	archiveVersion = 1;
	classes = {
	};
	objectVersion = 46;
	objects = {

/* Begin PBXBuildFile section */
		B51FBBA71D3DE1D2008DCF94 /* projectile.png in Resources */ = {isa = PBXBuildFile; fileRef = B51FBBA61D3DE1D2008DCF94 /* projectile.png */; };
		B51FBBAB1D3DEEE1008DCF94 /* AdSupport.framework in Frameworks */ = {isa = PBXBuildFile; fileRef = B51FBBAA1D3DEEE1008DCF94 /* AdSupport.framework */; };
		B51FBBAD1D3DEF79008DCF94 /* AudioToolbox.framework in Frameworks */ = {isa = PBXBuildFile; fileRef = B51FBBAC1D3DEF79008DCF94 /* AudioToolbox.framework */; };
		B51FBBAF1D3DEF83008DCF94 /* AVFoundation.framework in Frameworks */ = {isa = PBXBuildFile; fileRef = B51FBBAE1D3DEF83008DCF94 /* AVFoundation.framework */; };
		B51FBBB11D3DEF8C008DCF94 /* CoreGraphics.framework in Frameworks */ = {isa = PBXBuildFile; fileRef = B51FBBB01D3DEF8C008DCF94 /* CoreGraphics.framework */; };
		B51FBBB31D3DEF96008DCF94 /* CoreMedia.framework in Frameworks */ = {isa = PBXBuildFile; fileRef = B51FBBB21D3DEF96008DCF94 /* CoreMedia.framework */; };
		B51FBBB51D3DEF9D008DCF94 /* CoreTelephony.framework in Frameworks */ = {isa = PBXBuildFile; fileRef = B51FBBB41D3DEF9D008DCF94 /* CoreTelephony.framework */; };
		B51FBBB81D3DEFB3008DCF94 /* EventKit.framework in Frameworks */ = {isa = PBXBuildFile; fileRef = B51FBBB61D3DEFB3008DCF94 /* EventKit.framework */; };
		B51FBBB91D3DEFB3008DCF94 /* EventKitUI.framework in Frameworks */ = {isa = PBXBuildFile; fileRef = B51FBBB71D3DEFB3008DCF94 /* EventKitUI.framework */; };
		B51FBBBB1D3DEFBB008DCF94 /* MediaPlayer.framework in Frameworks */ = {isa = PBXBuildFile; fileRef = B51FBBBA1D3DEFBB008DCF94 /* MediaPlayer.framework */; };
		B51FBBBD1D3DEFC2008DCF94 /* MessageUI.framework in Frameworks */ = {isa = PBXBuildFile; fileRef = B51FBBBC1D3DEFC2008DCF94 /* MessageUI.framework */; };
		B51FBBBF1D3DEFC9008DCF94 /* StoreKit.framework in Frameworks */ = {isa = PBXBuildFile; fileRef = B51FBBBE1D3DEFC9008DCF94 /* StoreKit.framework */; };
		B51FBBC11D3DEFD0008DCF94 /* SystemConfiguration.framework in Frameworks */ = {isa = PBXBuildFile; fileRef = B51FBBC01D3DEFD0008DCF94 /* SystemConfiguration.framework */; };
		B51FBBC51D3DF061008DCF94 /* GoogleMobileAds.framework in Frameworks */ = {isa = PBXBuildFile; fileRef = B51FBBC31D3DF061008DCF94 /* GoogleMobileAds.framework */; };
		B51FBBC61D3DF061008DCF94 /* Mediation Adapters in Resources */ = {isa = PBXBuildFile; fileRef = B51FBBC41D3DF061008DCF94 /* Mediation Adapters */; };
		B51FBBC81D3DF696008DCF94 /* adHelper.swift in Sources */ = {isa = PBXBuildFile; fileRef = B51FBBC71D3DF696008DCF94 /* adHelper.swift */; };
		B51FBBCA1D3EBBBB008DCF94 /* wallBuster.png in Resources */ = {isa = PBXBuildFile; fileRef = B51FBBC91D3EBBBB008DCF94 /* wallBuster.png */; };
		B51FBBCC1D3EBE34008DCF94 /* speedDemon.png in Resources */ = {isa = PBXBuildFile; fileRef = B51FBBCB1D3EBE34008DCF94 /* speedDemon.png */; };
		B51FBBD41D3F3984008DCF94 /* cobblestone.png in Resources */ = {isa = PBXBuildFile; fileRef = B51FBBD31D3F3984008DCF94 /* cobblestone.png */; };
		B51FBBD81D3F48EB008DCF94 /* helpIcon.png in Resources */ = {isa = PBXBuildFile; fileRef = B51FBBD71D3F48EB008DCF94 /* helpIcon.png */; };
		B51FBBDA1D3F4A0D008DCF94 /* HelpScene.swift in Sources */ = {isa = PBXBuildFile; fileRef = B51FBBD91D3F4A0D008DCF94 /* HelpScene.swift */; };
		B51FBBDC1D431B5E008DCF94 /* arrow.png in Resources */ = {isa = PBXBuildFile; fileRef = B51FBBDB1D431B5E008DCF94 /* arrow.png */; };
		B51FBBDE1D432CED008DCF94 /* random.png in Resources */ = {isa = PBXBuildFile; fileRef = B51FBBDD1D432CED008DCF94 /* random.png */; };
		B51FBBE31D433CB7008DCF94 /* flash.png in Resources */ = {isa = PBXBuildFile; fileRef = B51FBBE21D433CB7008DCF94 /* flash.png */; };
		B51FBBE91D457706008DCF94 /* restorePurchasesIcon.png in Resources */ = {isa = PBXBuildFile; fileRef = B51FBBE81D457706008DCF94 /* restorePurchasesIcon.png */; };
		B51FBBEB1D45784A008DCF94 /* removeAds.png in Resources */ = {isa = PBXBuildFile; fileRef = B51FBBEA1D45784A008DCF94 /* removeAds.png */; };
		B51FBBEF1D457CDF008DCF94 /* substrate.png in Resources */ = {isa = PBXBuildFile; fileRef = B51FBBEE1D457CDF008DCF94 /* substrate.png */; };
		B51FBBF11D457D6C008DCF94 /* stick.png in Resources */ = {isa = PBXBuildFile; fileRef = B51FBBF01D457D6C008DCF94 /* stick.png */; };
		B51FBBF31D457E4F008DCF94 /* shootButton.png in Resources */ = {isa = PBXBuildFile; fileRef = B51FBBF21D457E4F008DCF94 /* shootButton.png */; };
		B534798A1D19D6EB001110CA /* abilityButton.png in Resources */ = {isa = PBXBuildFile; fileRef = B53479891D19D6EB001110CA /* abilityButton.png */; };
		B534798C1D19E104001110CA /* AnalogJoystick.swift in Sources */ = {isa = PBXBuildFile; fileRef = B534798B1D19E104001110CA /* AnalogJoystick.swift */; };
		B53479B21D1C4864001110CA /* MainMenuScene.swift in Sources */ = {isa = PBXBuildFile; fileRef = B53479B11D1C4864001110CA /* MainMenuScene.swift */; };
		B53479B41D1C5222001110CA /* MazeSelectScene.swift in Sources */ = {isa = PBXBuildFile; fileRef = B53479B31D1C5222001110CA /* MazeSelectScene.swift */; };
		B53479B61D1CA767001110CA /* bullet.png in Resources */ = {isa = PBXBuildFile; fileRef = B53479B51D1CA767001110CA /* bullet.png */; };
		B53479BE1D2AB6E2001110CA /* BulletNode.swift in Sources */ = {isa = PBXBuildFile; fileRef = B53479BD1D2AB6E2001110CA /* BulletNode.swift */; };
		B53479C81D2C3281001110CA /* GameSceneHelperMethods.swift in Sources */ = {isa = PBXBuildFile; fileRef = B53479C71D2C3281001110CA /* GameSceneHelperMethods.swift */; };
		B53479CE1D2C40ED001110CA /* MazeBuilders.swift in Sources */ = {isa = PBXBuildFile; fileRef = B53479CD1D2C40ED001110CA /* MazeBuilders.swift */; };
		B53479D21D2D6CFB001110CA /* AbilitySelectScene.swift in Sources */ = {isa = PBXBuildFile; fileRef = B53479D11D2D6CFB001110CA /* AbilitySelectScene.swift */; };
		B54294FF1C606F46007119F7 /* moveButton.png in Resources */ = {isa = PBXBuildFile; fileRef = B54294FE1C606F46007119F7 /* moveButton.png */; };
		B54295031C60733F007119F7 /* GameScene.swift in Sources */ = {isa = PBXBuildFile; fileRef = B54295021C60733F007119F7 /* GameScene.swift */; };
		B54295051C60FB56007119F7 /* Maze2GameScene.swift in Sources */ = {isa = PBXBuildFile; fileRef = B54295041C60FB56007119F7 /* Maze2GameScene.swift */; };
		B54295091C610106007119F7 /* Player.swift in Sources */ = {isa = PBXBuildFile; fileRef = B54295081C610106007119F7 /* Player.swift */; };
		B542950B1C6101E9007119F7 /* Something_Strange.ttf in Resources */ = {isa = PBXBuildFile; fileRef = B542950A1C6101E9007119F7 /* Something_Strange.ttf */; };
		B542950E1C610522007119F7 /* Halo3.ttf in Resources */ = {isa = PBXBuildFile; fileRef = B542950D1C6104E6007119F7 /* Halo3.ttf */; };
		B54295131C614254007119F7 /* walkCycle.atlas in Resources */ = {isa = PBXBuildFile; fileRef = B54295121C614254007119F7 /* walkCycle.atlas */; };
		B5790F941D46966600608F7F /* AdMob(iOS).swift in Sources */ = {isa = PBXBuildFile; fileRef = B5790F931D46966600608F7F /* AdMob(iOS).swift */; };
		B5790F981D46AA9500608F7F /* Monster.swift in Sources */ = {isa = PBXBuildFile; fileRef = B5790F971D46AA9500608F7F /* Monster.swift */; };
		B5790F9A1D46AC0E00608F7F /* monster.png in Resources */ = {isa = PBXBuildFile; fileRef = B5790F991D46AC0E00608F7F /* monster.png */; };
		B5790F9C1D47E0BF00608F7F /* mazeBackground.png in Resources */ = {isa = PBXBuildFile; fileRef = B5790F9B1D47E0BF00608F7F /* mazeBackground.png */; };
		B5790F9E1D47E26600608F7F /* logo2.png in Resources */ = {isa = PBXBuildFile; fileRef = B5790F9D1D47E26600608F7F /* logo2.png */; };
		B5790FA01D47E60000608F7F /* RateMe.swift in Sources */ = {isa = PBXBuildFile; fileRef = B5790F9F1D47E60000608F7F /* RateMe.swift */; };
		B5790FA41D4907C500608F7F /* fire.sks in Resources */ = {isa = PBXBuildFile; fileRef = B5790FA21D4907C500608F7F /* fire.sks */; };
		B5790FA51D4907C500608F7F /* spark.png in Resources */ = {isa = PBXBuildFile; fileRef = B5790FA31D4907C500608F7F /* spark.png */; };
		B5790FA71D4963E600608F7F /* BrickBuilder.swift in Sources */ = {isa = PBXBuildFile; fileRef = B5790FA61D4963E600608F7F /* BrickBuilder.swift */; };
		B5790FA91D49B97B00608F7F /* brick.png in Resources */ = {isa = PBXBuildFile; fileRef = B5790FA81D49B97B00608F7F /* brick.png */; };
		B5790FAB1D4AC36300608F7F /* instakill.png in Resources */ = {isa = PBXBuildFile; fileRef = B5790FAA1D4AC36300608F7F /* instakill.png */; };
		B5790FAD1D4B04C200608F7F /* brickBreaker.png in Resources */ = {isa = PBXBuildFile; fileRef = B5790FAC1D4B04C200608F7F /* brickBreaker.png */; };
		B5790FAF1D4B0C1000608F7F /* timeFreeze.png in Resources */ = {isa = PBXBuildFile; fileRef = B5790FAE1D4B0C1000608F7F /* timeFreeze.png */; };
		B58CBF3B1D32BC1500908922 /* Helper Functions.swift in Sources */ = {isa = PBXBuildFile; fileRef = B58CBF3A1D32BC1500908922 /* Helper Functions.swift */; };
		B58CBF411D33D9C800908922 /* mazeLaunchScreen.png in Resources */ = {isa = PBXBuildFile; fileRef = B58CBF401D33D9C800908922 /* mazeLaunchScreen.png */; };
		B58CBF481D34014100908922 /* mazeLaunchScreen2.png in Resources */ = {isa = PBXBuildFile; fileRef = B58CBF471D34014100908922 /* mazeLaunchScreen2.png */; };
		B59BCC8D1C5D41BE007DAA27 /* Icons in Resources */ = {isa = PBXBuildFile; fileRef = B59BCC8C1C5D41BE007DAA27 /* Icons */; };
		B5A6D86A1C4FE209001B6ABA /* AppDelegate.swift in Sources */ = {isa = PBXBuildFile; fileRef = B5A6D8691C4FE209001B6ABA /* AppDelegate.swift */; };
		B5A6D86E1C4FE209001B6ABA /* Maze1GameScene.swift in Sources */ = {isa = PBXBuildFile; fileRef = B5A6D86D1C4FE209001B6ABA /* Maze1GameScene.swift */; };
		B5A6D8701C4FE209001B6ABA /* GameViewController.swift in Sources */ = {isa = PBXBuildFile; fileRef = B5A6D86F1C4FE209001B6ABA /* GameViewController.swift */; };
		B5A6D8731C4FE209001B6ABA /* Main.storyboard in Resources */ = {isa = PBXBuildFile; fileRef = B5A6D8711C4FE209001B6ABA /* Main.storyboard */; };
		B5A6D8751C4FE209001B6ABA /* Assets.xcassets in Resources */ = {isa = PBXBuildFile; fileRef = B5A6D8741C4FE209001B6ABA /* Assets.xcassets */; };
		B5A6D8781C4FE209001B6ABA /* LaunchScreen.storyboard in Resources */ = {isa = PBXBuildFile; fileRef = B5A6D8761C4FE209001B6ABA /* LaunchScreen.storyboard */; };
		B5A6D8831C4FE209001B6ABA /* Into_The_MazeTests.swift in Sources */ = {isa = PBXBuildFile; fileRef = B5A6D8821C4FE209001B6ABA /* Into_The_MazeTests.swift */; };
		B5A6D88E1C4FE209001B6ABA /* Into_The_MazeUITests.swift in Sources */ = {isa = PBXBuildFile; fileRef = B5A6D88D1C4FE209001B6ABA /* Into_The_MazeUITests.swift */; };
		B5A6D89C1C4FE64B001B6ABA /* MenuViewController.swift in Sources */ = {isa = PBXBuildFile; fileRef = B5A6D89B1C4FE64B001B6ABA /* MenuViewController.swift */; };
		B5A6D8A01C4FED4E001B6ABA /* HowToPlayViewController.swift in Sources */ = {isa = PBXBuildFile; fileRef = B5A6D89F1C4FED4E001B6ABA /* HowToPlayViewController.swift */; };
		B5A6D8A41C5015B6001B6ABA /* lockImg.png in Resources */ = {isa = PBXBuildFile; fileRef = B5A6D8A31C5015B6001B6ABA /* lockImg.png */; };
		B5A6D8A71C501964001B6ABA /* generalMaze.png in Resources */ = {isa = PBXBuildFile; fileRef = B5A6D8A61C501964001B6ABA /* generalMaze.png */; };
		B5A6D8A91C504886001B6ABA /* muscle.png in Resources */ = {isa = PBXBuildFile; fileRef = B5A6D8A81C504886001B6ABA /* muscle.png */; };
		B5A6D8AD1C504C72001B6ABA /* maze.png in Resources */ = {isa = PBXBuildFile; fileRef = B5A6D8AC1C504C72001B6ABA /* maze.png */; };
		B5A6D8B11C505A23001B6ABA /* brickBreaker.png in Resources */ = {isa = PBXBuildFile; fileRef = B5A6D8B01C505A23001B6ABA /* brickBreaker.png */; };
		B5A6D8B51C507038001B6ABA /* faster.png in Resources */ = {isa = PBXBuildFile; fileRef = B5A6D8B41C507038001B6ABA /* faster.png */; };
		B5A6D8B71C5074F2001B6ABA /* stopWatch.png in Resources */ = {isa = PBXBuildFile; fileRef = B5A6D8B61C5074F2001B6ABA /* stopWatch.png */; };
		B5A6D8B91C507B00001B6ABA /* GlobalGameData.swift in Sources */ = {isa = PBXBuildFile; fileRef = B5A6D8B81C507B00001B6ABA /* GlobalGameData.swift */; };
		B5A6D8BD1C51D644001B6ABA /* mazeIntro.png in Resources */ = {isa = PBXBuildFile; fileRef = B5A6D8BC1C51D644001B6ABA /* mazeIntro.png */; };
		B5A6D8C71C51DF26001B6ABA /* Charcoal.otf in Resources */ = {isa = PBXBuildFile; fileRef = B5A6D8C61C51DF26001B6ABA /* Charcoal.otf */; };
		B5A6D8CB1C51F291001B6ABA /* DESTROY_.ttf in Resources */ = {isa = PBXBuildFile; fileRef = B5A6D8CA1C51F291001B6ABA /* DESTROY_.ttf */; };
		B5A6D9401C57D7A0001B6ABA /* innerTriangle.png in Resources */ = {isa = PBXBuildFile; fileRef = B5A6D93C1C57D7A0001B6ABA /* innerTriangle.png */; };
		B5A6D9411C57D7A0001B6ABA /* innerTriangle2.png in Resources */ = {isa = PBXBuildFile; fileRef = B5A6D93D1C57D7A0001B6ABA /* innerTriangle2.png */; };
		B5A6D9421C57D7A0001B6ABA /* closedOuter.png in Resources */ = {isa = PBXBuildFile; fileRef = B5A6D93E1C57D7A0001B6ABA /* closedOuter.png */; };
		B5A6D9431C57D7A0001B6ABA /* outerTriangle.png in Resources */ = {isa = PBXBuildFile; fileRef = B5A6D93F1C57D7A0001B6ABA /* outerTriangle.png */; };
/* End PBXBuildFile section */

/* Begin PBXContainerItemProxy section */
		B5A6D87F1C4FE209001B6ABA /* PBXContainerItemProxy */ = {
			isa = PBXContainerItemProxy;
			containerPortal = B5A6D85E1C4FE209001B6ABA /* Project object */;
			proxyType = 1;
			remoteGlobalIDString = B5A6D8651C4FE209001B6ABA;
			remoteInfo = "Into The Maze";
		};
		B5A6D88A1C4FE209001B6ABA /* PBXContainerItemProxy */ = {
			isa = PBXContainerItemProxy;
			containerPortal = B5A6D85E1C4FE209001B6ABA /* Project object */;
			proxyType = 1;
			remoteGlobalIDString = B5A6D8651C4FE209001B6ABA;
			remoteInfo = "Into The Maze";
		};
/* End PBXContainerItemProxy section */

/* Begin PBXFileReference section */
		B51FBBA61D3DE1D2008DCF94 /* projectile.png */ = {isa = PBXFileReference; lastKnownFileType = image.png; path = projectile.png; sourceTree = "<group>"; };
		B51FBBAA1D3DEEE1008DCF94 /* AdSupport.framework */ = {isa = PBXFileReference; lastKnownFileType = wrapper.framework; name = AdSupport.framework; path = System/Library/Frameworks/AdSupport.framework; sourceTree = SDKROOT; };
		B51FBBAC1D3DEF79008DCF94 /* AudioToolbox.framework */ = {isa = PBXFileReference; lastKnownFileType = wrapper.framework; name = AudioToolbox.framework; path = System/Library/Frameworks/AudioToolbox.framework; sourceTree = SDKROOT; };
		B51FBBAE1D3DEF83008DCF94 /* AVFoundation.framework */ = {isa = PBXFileReference; lastKnownFileType = wrapper.framework; name = AVFoundation.framework; path = System/Library/Frameworks/AVFoundation.framework; sourceTree = SDKROOT; };
		B51FBBB01D3DEF8C008DCF94 /* CoreGraphics.framework */ = {isa = PBXFileReference; lastKnownFileType = wrapper.framework; name = CoreGraphics.framework; path = System/Library/Frameworks/CoreGraphics.framework; sourceTree = SDKROOT; };
		B51FBBB21D3DEF96008DCF94 /* CoreMedia.framework */ = {isa = PBXFileReference; lastKnownFileType = wrapper.framework; name = CoreMedia.framework; path = System/Library/Frameworks/CoreMedia.framework; sourceTree = SDKROOT; };
		B51FBBB41D3DEF9D008DCF94 /* CoreTelephony.framework */ = {isa = PBXFileReference; lastKnownFileType = wrapper.framework; name = CoreTelephony.framework; path = System/Library/Frameworks/CoreTelephony.framework; sourceTree = SDKROOT; };
		B51FBBB61D3DEFB3008DCF94 /* EventKit.framework */ = {isa = PBXFileReference; lastKnownFileType = wrapper.framework; name = EventKit.framework; path = System/Library/Frameworks/EventKit.framework; sourceTree = SDKROOT; };
		B51FBBB71D3DEFB3008DCF94 /* EventKitUI.framework */ = {isa = PBXFileReference; lastKnownFileType = wrapper.framework; name = EventKitUI.framework; path = System/Library/Frameworks/EventKitUI.framework; sourceTree = SDKROOT; };
		B51FBBBA1D3DEFBB008DCF94 /* MediaPlayer.framework */ = {isa = PBXFileReference; lastKnownFileType = wrapper.framework; name = MediaPlayer.framework; path = System/Library/Frameworks/MediaPlayer.framework; sourceTree = SDKROOT; };
		B51FBBBC1D3DEFC2008DCF94 /* MessageUI.framework */ = {isa = PBXFileReference; lastKnownFileType = wrapper.framework; name = MessageUI.framework; path = System/Library/Frameworks/MessageUI.framework; sourceTree = SDKROOT; };
		B51FBBBE1D3DEFC9008DCF94 /* StoreKit.framework */ = {isa = PBXFileReference; lastKnownFileType = wrapper.framework; name = StoreKit.framework; path = System/Library/Frameworks/StoreKit.framework; sourceTree = SDKROOT; };
		B51FBBC01D3DEFD0008DCF94 /* SystemConfiguration.framework */ = {isa = PBXFileReference; lastKnownFileType = wrapper.framework; name = SystemConfiguration.framework; path = System/Library/Frameworks/SystemConfiguration.framework; sourceTree = SDKROOT; };
		B51FBBC31D3DF061008DCF94 /* GoogleMobileAds.framework */ = {isa = PBXFileReference; lastKnownFileType = wrapper.framework; path = GoogleMobileAds.framework; sourceTree = "<group>"; };
		B51FBBC41D3DF061008DCF94 /* Mediation Adapters */ = {isa = PBXFileReference; lastKnownFileType = folder; path = "Mediation Adapters"; sourceTree = "<group>"; };
		B51FBBC71D3DF696008DCF94 /* adHelper.swift */ = {isa = PBXFileReference; fileEncoding = 4; lastKnownFileType = sourcecode.swift; path = adHelper.swift; sourceTree = "<group>"; };
		B51FBBC91D3EBBBB008DCF94 /* wallBuster.png */ = {isa = PBXFileReference; lastKnownFileType = image.png; path = wallBuster.png; sourceTree = "<group>"; };
		B51FBBCB1D3EBE34008DCF94 /* speedDemon.png */ = {isa = PBXFileReference; lastKnownFileType = image.png; path = speedDemon.png; sourceTree = "<group>"; };
		B51FBBD31D3F3984008DCF94 /* cobblestone.png */ = {isa = PBXFileReference; lastKnownFileType = image.png; path = cobblestone.png; sourceTree = "<group>"; };
		B51FBBD71D3F48EB008DCF94 /* helpIcon.png */ = {isa = PBXFileReference; lastKnownFileType = image.png; path = helpIcon.png; sourceTree = "<group>"; };
		B51FBBD91D3F4A0D008DCF94 /* HelpScene.swift */ = {isa = PBXFileReference; fileEncoding = 4; lastKnownFileType = sourcecode.swift; path = HelpScene.swift; sourceTree = "<group>"; };
		B51FBBDB1D431B5E008DCF94 /* arrow.png */ = {isa = PBXFileReference; lastKnownFileType = image.png; path = arrow.png; sourceTree = "<group>"; };
		B51FBBDD1D432CED008DCF94 /* random.png */ = {isa = PBXFileReference; lastKnownFileType = image.png; path = random.png; sourceTree = "<group>"; };
		B51FBBE01D433457008DCF94 /* lf.ttf */ = {isa = PBXFileReference; lastKnownFileType = file; path = lf.ttf; sourceTree = "<group>"; };
		B51FBBE11D433977008DCF94 /* Prida65.otf */ = {isa = PBXFileReference; lastKnownFileType = file; path = Prida65.otf; sourceTree = "<group>"; };
		B51FBBE21D433CB7008DCF94 /* flash.png */ = {isa = PBXFileReference; lastKnownFileType = image.png; path = flash.png; sourceTree = "<group>"; };
		B51FBBE81D457706008DCF94 /* restorePurchasesIcon.png */ = {isa = PBXFileReference; lastKnownFileType = image.png; path = restorePurchasesIcon.png; sourceTree = "<group>"; };
		B51FBBEA1D45784A008DCF94 /* removeAds.png */ = {isa = PBXFileReference; lastKnownFileType = image.png; path = removeAds.png; sourceTree = "<group>"; };
		B51FBBEE1D457CDF008DCF94 /* substrate.png */ = {isa = PBXFileReference; lastKnownFileType = image.png; path = substrate.png; sourceTree = "<group>"; };
		B51FBBF01D457D6C008DCF94 /* stick.png */ = {isa = PBXFileReference; lastKnownFileType = image.png; path = stick.png; sourceTree = "<group>"; };
		B51FBBF21D457E4F008DCF94 /* shootButton.png */ = {isa = PBXFileReference; lastKnownFileType = image.png; path = shootButton.png; sourceTree = "<group>"; };
		B53479891D19D6EB001110CA /* abilityButton.png */ = {isa = PBXFileReference; lastKnownFileType = image.png; path = abilityButton.png; sourceTree = "<group>"; };
		B534798B1D19E104001110CA /* AnalogJoystick.swift */ = {isa = PBXFileReference; fileEncoding = 4; lastKnownFileType = sourcecode.swift; path = AnalogJoystick.swift; sourceTree = "<group>"; };
		B53479B11D1C4864001110CA /* MainMenuScene.swift */ = {isa = PBXFileReference; fileEncoding = 4; lastKnownFileType = sourcecode.swift; path = MainMenuScene.swift; sourceTree = "<group>"; };
		B53479B31D1C5222001110CA /* MazeSelectScene.swift */ = {isa = PBXFileReference; fileEncoding = 4; lastKnownFileType = sourcecode.swift; path = MazeSelectScene.swift; sourceTree = "<group>"; };
		B53479B51D1CA767001110CA /* bullet.png */ = {isa = PBXFileReference; lastKnownFileType = image.png; path = bullet.png; sourceTree = "<group>"; };
		B53479BD1D2AB6E2001110CA /* BulletNode.swift */ = {isa = PBXFileReference; fileEncoding = 4; lastKnownFileType = sourcecode.swift; path = BulletNode.swift; sourceTree = "<group>"; };
		B53479C71D2C3281001110CA /* GameSceneHelperMethods.swift */ = {isa = PBXFileReference; fileEncoding = 4; lastKnownFileType = sourcecode.swift; path = GameSceneHelperMethods.swift; sourceTree = "<group>"; };
		B53479CD1D2C40ED001110CA /* MazeBuilders.swift */ = {isa = PBXFileReference; fileEncoding = 4; lastKnownFileType = sourcecode.swift; path = MazeBuilders.swift; sourceTree = "<group>"; };
		B53479D11D2D6CFB001110CA /* AbilitySelectScene.swift */ = {isa = PBXFileReference; fileEncoding = 4; lastKnownFileType = sourcecode.swift; path = AbilitySelectScene.swift; sourceTree = "<group>"; };
		B54294FE1C606F46007119F7 /* moveButton.png */ = {isa = PBXFileReference; lastKnownFileType = image.png; path = moveButton.png; sourceTree = "<group>"; };
		B54295021C60733F007119F7 /* GameScene.swift */ = {isa = PBXFileReference; fileEncoding = 4; lastKnownFileType = sourcecode.swift; path = GameScene.swift; sourceTree = "<group>"; };
		B54295041C60FB56007119F7 /* Maze2GameScene.swift */ = {isa = PBXFileReference; fileEncoding = 4; lastKnownFileType = sourcecode.swift; path = Maze2GameScene.swift; sourceTree = "<group>"; };
		B54295081C610106007119F7 /* Player.swift */ = {isa = PBXFileReference; fileEncoding = 4; lastKnownFileType = sourcecode.swift; path = Player.swift; sourceTree = "<group>"; };
		B542950A1C6101E9007119F7 /* Something_Strange.ttf */ = {isa = PBXFileReference; lastKnownFileType = file; path = Something_Strange.ttf; sourceTree = "<group>"; };
		B542950D1C6104E6007119F7 /* Halo3.ttf */ = {isa = PBXFileReference; lastKnownFileType = file; path = Halo3.ttf; sourceTree = "<group>"; };
		B54295121C614254007119F7 /* walkCycle.atlas */ = {isa = PBXFileReference; lastKnownFileType = folder.skatlas; path = walkCycle.atlas; sourceTree = "<group>"; };
		B5790F931D46966600608F7F /* AdMob(iOS).swift */ = {isa = PBXFileReference; fileEncoding = 4; lastKnownFileType = sourcecode.swift; path = "AdMob(iOS).swift"; sourceTree = "<group>"; };
		B5790F971D46AA9500608F7F /* Monster.swift */ = {isa = PBXFileReference; fileEncoding = 4; lastKnownFileType = sourcecode.swift; path = Monster.swift; sourceTree = "<group>"; };
		B5790F991D46AC0E00608F7F /* monster.png */ = {isa = PBXFileReference; lastKnownFileType = image.png; path = monster.png; sourceTree = "<group>"; };
		B5790F9B1D47E0BF00608F7F /* mazeBackground.png */ = {isa = PBXFileReference; lastKnownFileType = image.png; path = mazeBackground.png; sourceTree = "<group>"; };
		B5790F9D1D47E26600608F7F /* logo2.png */ = {isa = PBXFileReference; lastKnownFileType = image.png; path = logo2.png; sourceTree = "<group>"; };
		B5790F9F1D47E60000608F7F /* RateMe.swift */ = {isa = PBXFileReference; fileEncoding = 4; lastKnownFileType = sourcecode.swift; path = RateMe.swift; sourceTree = "<group>"; };
		B5790FA21D4907C500608F7F /* fire.sks */ = {isa = PBXFileReference; lastKnownFileType = file.sks; path = fire.sks; sourceTree = "<group>"; };
		B5790FA31D4907C500608F7F /* spark.png */ = {isa = PBXFileReference; lastKnownFileType = image.png; path = spark.png; sourceTree = "<group>"; };
		B5790FA61D4963E600608F7F /* BrickBuilder.swift */ = {isa = PBXFileReference; fileEncoding = 4; lastKnownFileType = sourcecode.swift; path = BrickBuilder.swift; sourceTree = "<group>"; };
		B5790FA81D49B97B00608F7F /* brick.png */ = {isa = PBXFileReference; lastKnownFileType = image.png; path = brick.png; sourceTree = "<group>"; };
		B5790FAA1D4AC36300608F7F /* instakill.png */ = {isa = PBXFileReference; lastKnownFileType = image.png; path = instakill.png; sourceTree = "<group>"; };
		B5790FAC1D4B04C200608F7F /* brickBreaker.png */ = {isa = PBXFileReference; lastKnownFileType = image.png; path = brickBreaker.png; sourceTree = "<group>"; };
		B5790FAE1D4B0C1000608F7F /* timeFreeze.png */ = {isa = PBXFileReference; lastKnownFileType = image.png; path = timeFreeze.png; sourceTree = "<group>"; };
		B58CBF3A1D32BC1500908922 /* Helper Functions.swift */ = {isa = PBXFileReference; fileEncoding = 4; lastKnownFileType = sourcecode.swift; path = "Helper Functions.swift"; sourceTree = "<group>"; };
		B58CBF401D33D9C800908922 /* mazeLaunchScreen.png */ = {isa = PBXFileReference; lastKnownFileType = image.png; path = mazeLaunchScreen.png; sourceTree = "<group>"; };
		B58CBF471D34014100908922 /* mazeLaunchScreen2.png */ = {isa = PBXFileReference; lastKnownFileType = image.png; path = mazeLaunchScreen2.png; sourceTree = "<group>"; };
		B59BCC8C1C5D41BE007DAA27 /* Icons */ = {isa = PBXFileReference; lastKnownFileType = folder; path = Icons; sourceTree = "<group>"; };
		B5A6D8661C4FE209001B6ABA /* Into The Maze.app */ = {isa = PBXFileReference; explicitFileType = wrapper.application; includeInIndex = 0; path = "Into The Maze.app"; sourceTree = BUILT_PRODUCTS_DIR; };
		B5A6D8691C4FE209001B6ABA /* AppDelegate.swift */ = {isa = PBXFileReference; lastKnownFileType = sourcecode.swift; path = AppDelegate.swift; sourceTree = "<group>"; };
		B5A6D86D1C4FE209001B6ABA /* Maze1GameScene.swift */ = {isa = PBXFileReference; lastKnownFileType = sourcecode.swift; path = Maze1GameScene.swift; sourceTree = "<group>"; };
		B5A6D86F1C4FE209001B6ABA /* GameViewController.swift */ = {isa = PBXFileReference; lastKnownFileType = sourcecode.swift; path = GameViewController.swift; sourceTree = "<group>"; };
		B5A6D8721C4FE209001B6ABA /* Base */ = {isa = PBXFileReference; lastKnownFileType = file.storyboard; name = Base; path = Base.lproj/Main.storyboard; sourceTree = "<group>"; };
		B5A6D8741C4FE209001B6ABA /* Assets.xcassets */ = {isa = PBXFileReference; lastKnownFileType = folder.assetcatalog; path = Assets.xcassets; sourceTree = "<group>"; };
		B5A6D8771C4FE209001B6ABA /* Base */ = {isa = PBXFileReference; lastKnownFileType = file.storyboard; name = Base; path = Base.lproj/LaunchScreen.storyboard; sourceTree = "<group>"; };
		B5A6D8791C4FE209001B6ABA /* Info.plist */ = {isa = PBXFileReference; lastKnownFileType = text.plist.xml; path = Info.plist; sourceTree = "<group>"; };
		B5A6D87E1C4FE209001B6ABA /* Into The MazeTests.xctest */ = {isa = PBXFileReference; explicitFileType = wrapper.cfbundle; includeInIndex = 0; path = "Into The MazeTests.xctest"; sourceTree = BUILT_PRODUCTS_DIR; };
		B5A6D8821C4FE209001B6ABA /* Into_The_MazeTests.swift */ = {isa = PBXFileReference; lastKnownFileType = sourcecode.swift; path = Into_The_MazeTests.swift; sourceTree = "<group>"; };
		B5A6D8841C4FE209001B6ABA /* Info.plist */ = {isa = PBXFileReference; lastKnownFileType = text.plist.xml; path = Info.plist; sourceTree = "<group>"; };
		B5A6D8891C4FE209001B6ABA /* Into The MazeUITests.xctest */ = {isa = PBXFileReference; explicitFileType = wrapper.cfbundle; includeInIndex = 0; path = "Into The MazeUITests.xctest"; sourceTree = BUILT_PRODUCTS_DIR; };
		B5A6D88D1C4FE209001B6ABA /* Into_The_MazeUITests.swift */ = {isa = PBXFileReference; lastKnownFileType = sourcecode.swift; path = Into_The_MazeUITests.swift; sourceTree = "<group>"; };
		B5A6D88F1C4FE209001B6ABA /* Info.plist */ = {isa = PBXFileReference; lastKnownFileType = text.plist.xml; path = Info.plist; sourceTree = "<group>"; };
		B5A6D89B1C4FE64B001B6ABA /* MenuViewController.swift */ = {isa = PBXFileReference; fileEncoding = 4; lastKnownFileType = sourcecode.swift; path = MenuViewController.swift; sourceTree = "<group>"; };
		B5A6D89F1C4FED4E001B6ABA /* HowToPlayViewController.swift */ = {isa = PBXFileReference; fileEncoding = 4; lastKnownFileType = sourcecode.swift; path = HowToPlayViewController.swift; sourceTree = "<group>"; };
		B5A6D8A31C5015B6001B6ABA /* lockImg.png */ = {isa = PBXFileReference; lastKnownFileType = image.png; path = lockImg.png; sourceTree = "<group>"; };
		B5A6D8A61C501964001B6ABA /* generalMaze.png */ = {isa = PBXFileReference; lastKnownFileType = image.png; path = generalMaze.png; sourceTree = SOURCE_ROOT; };
		B5A6D8A81C504886001B6ABA /* muscle.png */ = {isa = PBXFileReference; lastKnownFileType = image.png; path = muscle.png; sourceTree = SOURCE_ROOT; };
		B5A6D8AC1C504C72001B6ABA /* maze.png */ = {isa = PBXFileReference; lastKnownFileType = image.png; name = maze.png; path = ../maze.png; sourceTree = "<group>"; };
		B5A6D8B01C505A23001B6ABA /* brickBreaker.png */ = {isa = PBXFileReference; lastKnownFileType = image.png; name = brickBreaker.png; path = ../brickBreaker.png; sourceTree = "<group>"; };
		B5A6D8B41C507038001B6ABA /* faster.png */ = {isa = PBXFileReference; lastKnownFileType = image.png; name = faster.png; path = ../faster.png; sourceTree = "<group>"; };
		B5A6D8B61C5074F2001B6ABA /* stopWatch.png */ = {isa = PBXFileReference; lastKnownFileType = image.png; path = stopWatch.png; sourceTree = SOURCE_ROOT; };
		B5A6D8B81C507B00001B6ABA /* GlobalGameData.swift */ = {isa = PBXFileReference; fileEncoding = 4; lastKnownFileType = sourcecode.swift; path = GlobalGameData.swift; sourceTree = "<group>"; };
		B5A6D8BC1C51D644001B6ABA /* mazeIntro.png */ = {isa = PBXFileReference; lastKnownFileType = image.png; path = mazeIntro.png; sourceTree = SOURCE_ROOT; };
		B5A6D8C61C51DF26001B6ABA /* Charcoal.otf */ = {isa = PBXFileReference; lastKnownFileType = file; path = Charcoal.otf; sourceTree = "<group>"; };
		B5A6D8CA1C51F291001B6ABA /* DESTROY_.ttf */ = {isa = PBXFileReference; lastKnownFileType = file; path = DESTROY_.ttf; sourceTree = "<group>"; };
		B5A6D93C1C57D7A0001B6ABA /* innerTriangle.png */ = {isa = PBXFileReference; lastKnownFileType = image.png; path = innerTriangle.png; sourceTree = SOURCE_ROOT; };
		B5A6D93D1C57D7A0001B6ABA /* innerTriangle2.png */ = {isa = PBXFileReference; lastKnownFileType = image.png; path = innerTriangle2.png; sourceTree = SOURCE_ROOT; };
		B5A6D93E1C57D7A0001B6ABA /* closedOuter.png */ = {isa = PBXFileReference; lastKnownFileType = image.png; path = closedOuter.png; sourceTree = SOURCE_ROOT; };
		B5A6D93F1C57D7A0001B6ABA /* outerTriangle.png */ = {isa = PBXFileReference; lastKnownFileType = image.png; path = outerTriangle.png; sourceTree = SOURCE_ROOT; };
/* End PBXFileReference section */

/* Begin PBXFrameworksBuildPhase section */
		B5A6D8631C4FE209001B6ABA /* Frameworks */ = {
			isa = PBXFrameworksBuildPhase;
			buildActionMask = 2147483647;
			files = (
				B51FBBC11D3DEFD0008DCF94 /* SystemConfiguration.framework in Frameworks */,
				B51FBBBF1D3DEFC9008DCF94 /* StoreKit.framework in Frameworks */,
				B51FBBC51D3DF061008DCF94 /* GoogleMobileAds.framework in Frameworks */,
				B51FBBBD1D3DEFC2008DCF94 /* MessageUI.framework in Frameworks */,
				B51FBBBB1D3DEFBB008DCF94 /* MediaPlayer.framework in Frameworks */,
				B51FBBB81D3DEFB3008DCF94 /* EventKit.framework in Frameworks */,
				B51FBBB91D3DEFB3008DCF94 /* EventKitUI.framework in Frameworks */,
				B51FBBB51D3DEF9D008DCF94 /* CoreTelephony.framework in Frameworks */,
				B51FBBB31D3DEF96008DCF94 /* CoreMedia.framework in Frameworks */,
				B51FBBB11D3DEF8C008DCF94 /* CoreGraphics.framework in Frameworks */,
				B51FBBAF1D3DEF83008DCF94 /* AVFoundation.framework in Frameworks */,
				B51FBBAD1D3DEF79008DCF94 /* AudioToolbox.framework in Frameworks */,
				B51FBBAB1D3DEEE1008DCF94 /* AdSupport.framework in Frameworks */,
			);
			runOnlyForDeploymentPostprocessing = 0;
		};
		B5A6D87B1C4FE209001B6ABA /* Frameworks */ = {
			isa = PBXFrameworksBuildPhase;
			buildActionMask = 2147483647;
			files = (
			);
			runOnlyForDeploymentPostprocessing = 0;
		};
		B5A6D8861C4FE209001B6ABA /* Frameworks */ = {
			isa = PBXFrameworksBuildPhase;
			buildActionMask = 2147483647;
			files = (
			);
			runOnlyForDeploymentPostprocessing = 0;
		};
/* End PBXFrameworksBuildPhase section */

/* Begin PBXGroup section */
		B51FBBC21D3DEFE6008DCF94 /* AdMob */ = {
			isa = PBXGroup;
			children = (
				B51FBBC31D3DF061008DCF94 /* GoogleMobileAds.framework */,
				B51FBBC41D3DF061008DCF94 /* Mediation Adapters */,
				B51FBBC01D3DEFD0008DCF94 /* SystemConfiguration.framework */,
				B51FBBBE1D3DEFC9008DCF94 /* StoreKit.framework */,
				B51FBBBC1D3DEFC2008DCF94 /* MessageUI.framework */,
				B51FBBBA1D3DEFBB008DCF94 /* MediaPlayer.framework */,
				B51FBBB61D3DEFB3008DCF94 /* EventKit.framework */,
				B51FBBB71D3DEFB3008DCF94 /* EventKitUI.framework */,
				B51FBBB41D3DEF9D008DCF94 /* CoreTelephony.framework */,
				B51FBBB21D3DEF96008DCF94 /* CoreMedia.framework */,
				B51FBBB01D3DEF8C008DCF94 /* CoreGraphics.framework */,
				B51FBBAE1D3DEF83008DCF94 /* AVFoundation.framework */,
				B51FBBAC1D3DEF79008DCF94 /* AudioToolbox.framework */,
				B51FBBAA1D3DEEE1008DCF94 /* AdSupport.framework */,
			);
			name = AdMob;
			sourceTree = "<group>";
		};
		B54295111C6106BD007119F7 /* Fonts */ = {
			isa = PBXGroup;
			children = (
				B51FBBE01D433457008DCF94 /* lf.ttf */,
				B51FBBE11D433977008DCF94 /* Prida65.otf */,
				B542950D1C6104E6007119F7 /* Halo3.ttf */,
				B5A6D8CA1C51F291001B6ABA /* DESTROY_.ttf */,
				B5A6D8C61C51DF26001B6ABA /* Charcoal.otf */,
				B542950A1C6101E9007119F7 /* Something_Strange.ttf */,
			);
			name = Fonts;
			sourceTree = "<group>";
		};
		B59BCC8E1C5D760C007DAA27 /* Supporting Files */ = {
			isa = PBXGroup;
			children = (
				B5A6D86F1C4FE209001B6ABA /* GameViewController.swift */,
				B5790F931D46966600608F7F /* AdMob(iOS).swift */,
				B51FBBC71D3DF696008DCF94 /* adHelper.swift */,
				B5790FA61D4963E600608F7F /* BrickBuilder.swift */,
				B53479CD1D2C40ED001110CA /* MazeBuilders.swift */,
				B53479C71D2C3281001110CA /* GameSceneHelperMethods.swift */,
				B58CBF3A1D32BC1500908922 /* Helper Functions.swift */,
				B54295081C610106007119F7 /* Player.swift */,
				B5790F971D46AA9500608F7F /* Monster.swift */,
				B53479BD1D2AB6E2001110CA /* BulletNode.swift */,
				B5A6D8B81C507B00001B6ABA /* GlobalGameData.swift */,
				B5A6D89B1C4FE64B001B6ABA /* MenuViewController.swift */,
				B5A6D8691C4FE209001B6ABA /* AppDelegate.swift */,
				B5A6D89F1C4FED4E001B6ABA /* HowToPlayViewController.swift */,
				B5790F9F1D47E60000608F7F /* RateMe.swift */,
				B534798B1D19E104001110CA /* AnalogJoystick.swift */,
				B5790FA21D4907C500608F7F /* fire.sks */,
				B5790FA31D4907C500608F7F /* spark.png */,
				B5A6D8761C4FE209001B6ABA /* LaunchScreen.storyboard */,
				B5A6D8711C4FE209001B6ABA /* Main.storyboard */,
				B54295121C614254007119F7 /* walkCycle.atlas */,
				B54295111C6106BD007119F7 /* Fonts */,
				B5A6D8791C4FE209001B6ABA /* Info.plist */,
			);
			name = "Supporting Files";
			sourceTree = "<group>";
		};
		B5A6D85D1C4FE209001B6ABA = {
			isa = PBXGroup;
			children = (
				B51FBBC21D3DEFE6008DCF94 /* AdMob */,
				B5A6D8681C4FE209001B6ABA /* Into The Maze */,
				B5A6D8811C4FE209001B6ABA /* Into The MazeTests */,
				B5A6D88C1C4FE209001B6ABA /* Into The MazeUITests */,
				B5A6D8671C4FE209001B6ABA /* Products */,
			);
			sourceTree = "<group>";
		};
		B5A6D8671C4FE209001B6ABA /* Products */ = {
			isa = PBXGroup;
			children = (
				B5A6D8661C4FE209001B6ABA /* Into The Maze.app */,
				B5A6D87E1C4FE209001B6ABA /* Into The MazeTests.xctest */,
				B5A6D8891C4FE209001B6ABA /* Into The MazeUITests.xctest */,
			);
			name = Products;
			sourceTree = "<group>";
		};
		B5A6D8681C4FE209001B6ABA /* Into The Maze */ = {
			isa = PBXGroup;
			children = (
				B5A6D93B1C57D769001B6ABA /* Scenes */,
				B59BCC8E1C5D760C007DAA27 /* Supporting Files */,
				B5A6D8741C4FE209001B6ABA /* Assets.xcassets */,
				B59BCC8C1C5D41BE007DAA27 /* Icons */,
				B5A6D8A51C5015C6001B6ABA /* images */,
			);
			path = "Into The Maze";
			sourceTree = "<group>";
		};
		B5A6D8811C4FE209001B6ABA /* Into The MazeTests */ = {
			isa = PBXGroup;
			children = (
				B5A6D8821C4FE209001B6ABA /* Into_The_MazeTests.swift */,
				B5A6D8841C4FE209001B6ABA /* Info.plist */,
			);
			path = "Into The MazeTests";
			sourceTree = "<group>";
		};
		B5A6D88C1C4FE209001B6ABA /* Into The MazeUITests */ = {
			isa = PBXGroup;
			children = (
				B5A6D88D1C4FE209001B6ABA /* Into_The_MazeUITests.swift */,
				B5A6D88F1C4FE209001B6ABA /* Info.plist */,
			);
			path = "Into The MazeUITests";
			sourceTree = "<group>";
		};
		B5A6D8A51C5015C6001B6ABA /* images */ = {
			isa = PBXGroup;
			children = (
				B5790FAC1D4B04C200608F7F /* brickBreaker.png */,
				B5790FA81D49B97B00608F7F /* brick.png */,
				B5790F991D46AC0E00608F7F /* monster.png */,
				B51FBBDD1D432CED008DCF94 /* random.png */,
				B51FBBE21D433CB7008DCF94 /* flash.png */,
				B51FBBDB1D431B5E008DCF94 /* arrow.png */,
				B51FBBCB1D3EBE34008DCF94 /* speedDemon.png */,
				B5790FAE1D4B0C1000608F7F /* timeFreeze.png */,
				B5790FAA1D4AC36300608F7F /* instakill.png */,
				B51FBBC91D3EBBBB008DCF94 /* wallBuster.png */,
				B51FBBA61D3DE1D2008DCF94 /* projectile.png */,
				B51FBBD31D3F3984008DCF94 /* cobblestone.png */,
				B58CBF471D34014100908922 /* mazeLaunchScreen2.png */,
				B51FBBD71D3F48EB008DCF94 /* helpIcon.png */,
				B51FBBEA1D45784A008DCF94 /* removeAds.png */,
				B51FBBE81D457706008DCF94 /* restorePurchasesIcon.png */,
				B58CBF401D33D9C800908922 /* mazeLaunchScreen.png */,
				B53479B51D1CA767001110CA /* bullet.png */,
				B51FBBF21D457E4F008DCF94 /* shootButton.png */,
				B54294FE1C606F46007119F7 /* moveButton.png */,
				B5790F9D1D47E26600608F7F /* logo2.png */,
				B53479891D19D6EB001110CA /* abilityButton.png */,
				B5790F9B1D47E0BF00608F7F /* mazeBackground.png */,
				B5A6D8BC1C51D644001B6ABA /* mazeIntro.png */,
				B5A6D8A81C504886001B6ABA /* muscle.png */,
				B51FBBEE1D457CDF008DCF94 /* substrate.png */,
				B51FBBF01D457D6C008DCF94 /* stick.png */,
				B5A6D8B01C505A23001B6ABA /* brickBreaker.png */,
				B5A6D93C1C57D7A0001B6ABA /* innerTriangle.png */,
				B5A6D93D1C57D7A0001B6ABA /* innerTriangle2.png */,
				B5A6D93E1C57D7A0001B6ABA /* closedOuter.png */,
				B5A6D93F1C57D7A0001B6ABA /* outerTriangle.png */,
				B5A6D8B41C507038001B6ABA /* faster.png */,
				B5A6D8B61C5074F2001B6ABA /* stopWatch.png */,
				B5A6D8AC1C504C72001B6ABA /* maze.png */,
				B5A6D8A61C501964001B6ABA /* generalMaze.png */,
				B5A6D8A31C5015B6001B6ABA /* lockImg.png */,
			);
			name = images;
			sourceTree = "<group>";
		};
		B5A6D93B1C57D769001B6ABA /* Scenes */ = {
			isa = PBXGroup;
			children = (
				B53479B11D1C4864001110CA /* MainMenuScene.swift */,
				B51FBBD91D3F4A0D008DCF94 /* HelpScene.swift */,
				B53479D11D2D6CFB001110CA /* AbilitySelectScene.swift */,
				B53479B31D1C5222001110CA /* MazeSelectScene.swift */,
				B54295021C60733F007119F7 /* GameScene.swift */,
				B5A6D86D1C4FE209001B6ABA /* Maze1GameScene.swift */,
				B54295041C60FB56007119F7 /* Maze2GameScene.swift */,
			);
			name = Scenes;
			sourceTree = "<group>";
		};
/* End PBXGroup section */

/* Begin PBXNativeTarget section */
		B5A6D8651C4FE209001B6ABA /* Into The Maze */ = {
			isa = PBXNativeTarget;
			buildConfigurationList = B5A6D8921C4FE209001B6ABA /* Build configuration list for PBXNativeTarget "Into The Maze" */;
			buildPhases = (
				B5A6D8621C4FE209001B6ABA /* Sources */,
				B5A6D8631C4FE209001B6ABA /* Frameworks */,
				B5A6D8641C4FE209001B6ABA /* Resources */,
			);
			buildRules = (
			);
			dependencies = (
			);
			name = "Into The Maze";
			productName = "Into The Maze";
			productReference = B5A6D8661C4FE209001B6ABA /* Into The Maze.app */;
			productType = "com.apple.product-type.application";
		};
		B5A6D87D1C4FE209001B6ABA /* Into The MazeTests */ = {
			isa = PBXNativeTarget;
			buildConfigurationList = B5A6D8951C4FE209001B6ABA /* Build configuration list for PBXNativeTarget "Into The MazeTests" */;
			buildPhases = (
				B5A6D87A1C4FE209001B6ABA /* Sources */,
				B5A6D87B1C4FE209001B6ABA /* Frameworks */,
				B5A6D87C1C4FE209001B6ABA /* Resources */,
			);
			buildRules = (
			);
			dependencies = (
				B5A6D8801C4FE209001B6ABA /* PBXTargetDependency */,
			);
			name = "Into The MazeTests";
			productName = "Into The MazeTests";
			productReference = B5A6D87E1C4FE209001B6ABA /* Into The MazeTests.xctest */;
			productType = "com.apple.product-type.bundle.unit-test";
		};
		B5A6D8881C4FE209001B6ABA /* Into The MazeUITests */ = {
			isa = PBXNativeTarget;
			buildConfigurationList = B5A6D8981C4FE209001B6ABA /* Build configuration list for PBXNativeTarget "Into The MazeUITests" */;
			buildPhases = (
				B5A6D8851C4FE209001B6ABA /* Sources */,
				B5A6D8861C4FE209001B6ABA /* Frameworks */,
				B5A6D8871C4FE209001B6ABA /* Resources */,
			);
			buildRules = (
			);
			dependencies = (
				B5A6D88B1C4FE209001B6ABA /* PBXTargetDependency */,
			);
			name = "Into The MazeUITests";
			productName = "Into The MazeUITests";
			productReference = B5A6D8891C4FE209001B6ABA /* Into The MazeUITests.xctest */;
			productType = "com.apple.product-type.bundle.ui-testing";
		};
/* End PBXNativeTarget section */

/* Begin PBXProject section */
		B5A6D85E1C4FE209001B6ABA /* Project object */ = {
			isa = PBXProject;
			attributes = {
				LastUpgradeCheck = 0700;
				ORGANIZATIONNAME = "Ramiro Beltran";
				TargetAttributes = {
					B5A6D8651C4FE209001B6ABA = {
						CreatedOnToolsVersion = 7.0.1;
						DevelopmentTeam = VHQ88CT5TL;
						SystemCapabilities = {
							com.apple.GameCenter = {
								enabled = 1;
							};
						};
					};
					B5A6D87D1C4FE209001B6ABA = {
						CreatedOnToolsVersion = 7.0.1;
						TestTargetID = B5A6D8651C4FE209001B6ABA;
					};
					B5A6D8881C4FE209001B6ABA = {
						CreatedOnToolsVersion = 7.0.1;
						TestTargetID = B5A6D8651C4FE209001B6ABA;
					};
				};
			};
			buildConfigurationList = B5A6D8611C4FE209001B6ABA /* Build configuration list for PBXProject "Into The Maze" */;
			compatibilityVersion = "Xcode 3.2";
			developmentRegion = English;
			hasScannedForEncodings = 0;
			knownRegions = (
				en,
				Base,
			);
			mainGroup = B5A6D85D1C4FE209001B6ABA;
			productRefGroup = B5A6D8671C4FE209001B6ABA /* Products */;
			projectDirPath = "";
			projectRoot = "";
			targets = (
				B5A6D8651C4FE209001B6ABA /* Into The Maze */,
				B5A6D87D1C4FE209001B6ABA /* Into The MazeTests */,
				B5A6D8881C4FE209001B6ABA /* Into The MazeUITests */,
			);
		};
/* End PBXProject section */

/* Begin PBXResourcesBuildPhase section */
		B5A6D8641C4FE209001B6ABA /* Resources */ = {
			isa = PBXResourcesBuildPhase;
			buildActionMask = 2147483647;
			files = (
				B51FBBE31D433CB7008DCF94 /* flash.png in Resources */,
				B53479B61D1CA767001110CA /* bullet.png in Resources */,
				B54295131C614254007119F7 /* walkCycle.atlas in Resources */,
				B51FBBEF1D457CDF008DCF94 /* substrate.png in Resources */,
				B5790FA41D4907C500608F7F /* fire.sks in Resources */,
				B5790F9A1D46AC0E00608F7F /* monster.png in Resources */,
				B51FBBE91D457706008DCF94 /* restorePurchasesIcon.png in Resources */,
				B5A6D8AD1C504C72001B6ABA /* maze.png in Resources */,
				B51FBBEB1D45784A008DCF94 /* removeAds.png in Resources */,
				B542950B1C6101E9007119F7 /* Something_Strange.ttf in Resources */,
				B542950E1C610522007119F7 /* Halo3.ttf in Resources */,
				B534798A1D19D6EB001110CA /* abilityButton.png in Resources */,
				B5A6D8A91C504886001B6ABA /* muscle.png in Resources */,
				B51FBBD81D3F48EB008DCF94 /* helpIcon.png in Resources */,
				B5A6D8B51C507038001B6ABA /* faster.png in Resources */,
				B5A6D9421C57D7A0001B6ABA /* closedOuter.png in Resources */,
				B51FBBF31D457E4F008DCF94 /* shootButton.png in Resources */,
				B5790FAF1D4B0C1000608F7F /* timeFreeze.png in Resources */,
				B51FBBF11D457D6C008DCF94 /* stick.png in Resources */,
				B5790F9C1D47E0BF00608F7F /* mazeBackground.png in Resources */,
				B59BCC8D1C5D41BE007DAA27 /* Icons in Resources */,
				B5A6D8781C4FE209001B6ABA /* LaunchScreen.storyboard in Resources */,
				B51FBBC61D3DF061008DCF94 /* Mediation Adapters in Resources */,
				B5790FAD1D4B04C200608F7F /* brickBreaker.png in Resources */,
				B58CBF411D33D9C800908922 /* mazeLaunchScreen.png in Resources */,
				B5A6D8B71C5074F2001B6ABA /* stopWatch.png in Resources */,
				B54294FF1C606F46007119F7 /* moveButton.png in Resources */,
				B5A6D8751C4FE209001B6ABA /* Assets.xcassets in Resources */,
				B5A6D8CB1C51F291001B6ABA /* DESTROY_.ttf in Resources */,
				B5A6D8A71C501964001B6ABA /* generalMaze.png in Resources */,
				B51FBBCA1D3EBBBB008DCF94 /* wallBuster.png in Resources */,
				B5A6D9411C57D7A0001B6ABA /* innerTriangle2.png in Resources */,
				B5790F9E1D47E26600608F7F /* logo2.png in Resources */,
				B5A6D8B11C505A23001B6ABA /* brickBreaker.png in Resources */,
				B5A6D8C71C51DF26001B6ABA /* Charcoal.otf in Resources */,
				B58CBF481D34014100908922 /* mazeLaunchScreen2.png in Resources */,
				B5A6D8BD1C51D644001B6ABA /* mazeIntro.png in Resources */,
				B51FBBD41D3F3984008DCF94 /* cobblestone.png in Resources */,
				B5790FA51D4907C500608F7F /* spark.png in Resources */,
				B51FBBDC1D431B5E008DCF94 /* arrow.png in Resources */,
				B5A6D9401C57D7A0001B6ABA /* innerTriangle.png in Resources */,
				B5A6D8731C4FE209001B6ABA /* Main.storyboard in Resources */,
				B51FBBA71D3DE1D2008DCF94 /* projectile.png in Resources */,
				B51FBBDE1D432CED008DCF94 /* random.png in Resources */,
				B5790FAB1D4AC36300608F7F /* instakill.png in Resources */,
				B5A6D8A41C5015B6001B6ABA /* lockImg.png in Resources */,
				B5A6D9431C57D7A0001B6ABA /* outerTriangle.png in Resources */,
				B51FBBCC1D3EBE34008DCF94 /* speedDemon.png in Resources */,
				B5790FA91D49B97B00608F7F /* brick.png in Resources */,
			);
			runOnlyForDeploymentPostprocessing = 0;
		};
		B5A6D87C1C4FE209001B6ABA /* Resources */ = {
			isa = PBXResourcesBuildPhase;
			buildActionMask = 2147483647;
			files = (
			);
			runOnlyForDeploymentPostprocessing = 0;
		};
		B5A6D8871C4FE209001B6ABA /* Resources */ = {
			isa = PBXResourcesBuildPhase;
			buildActionMask = 2147483647;
			files = (
			);
			runOnlyForDeploymentPostprocessing = 0;
		};
/* End PBXResourcesBuildPhase section */

/* Begin PBXSourcesBuildPhase section */
		B5A6D8621C4FE209001B6ABA /* Sources */ = {
			isa = PBXSourcesBuildPhase;
			buildActionMask = 2147483647;
			files = (
				B54295031C60733F007119F7 /* GameScene.swift in Sources */,
				B53479C81D2C3281001110CA /* GameSceneHelperMethods.swift in Sources */,
				B5A6D86E1C4FE209001B6ABA /* Maze1GameScene.swift in Sources */,
				B5A6D8701C4FE209001B6ABA /* GameViewController.swift in Sources */,
				B5A6D8A01C4FED4E001B6ABA /* HowToPlayViewController.swift in Sources */,
				B51FBBC81D3DF696008DCF94 /* adHelper.swift in Sources */,
				B54295091C610106007119F7 /* Player.swift in Sources */,
				B5790FA01D47E60000608F7F /* RateMe.swift in Sources */,
				B53479CE1D2C40ED001110CA /* MazeBuilders.swift in Sources */,
				B51FBBDA1D3F4A0D008DCF94 /* HelpScene.swift in Sources */,
				B5A6D86A1C4FE209001B6ABA /* AppDelegate.swift in Sources */,
				B5A6D8B91C507B00001B6ABA /* GlobalGameData.swift in Sources */,
				B54295051C60FB56007119F7 /* Maze2GameScene.swift in Sources */,
				B53479D21D2D6CFB001110CA /* AbilitySelectScene.swift in Sources */,
				B53479BE1D2AB6E2001110CA /* BulletNode.swift in Sources */,
				B5790FA71D4963E600608F7F /* BrickBuilder.swift in Sources */,
				B53479B41D1C5222001110CA /* MazeSelectScene.swift in Sources */,
				B534798C1D19E104001110CA /* AnalogJoystick.swift in Sources */,
				B53479B21D1C4864001110CA /* MainMenuScene.swift in Sources */,
				B5790F981D46AA9500608F7F /* Monster.swift in Sources */,
				B58CBF3B1D32BC1500908922 /* Helper Functions.swift in Sources */,
				B5A6D89C1C4FE64B001B6ABA /* MenuViewController.swift in Sources */,
				B5790F941D46966600608F7F /* AdMob(iOS).swift in Sources */,
			);
			runOnlyForDeploymentPostprocessing = 0;
		};
		B5A6D87A1C4FE209001B6ABA /* Sources */ = {
			isa = PBXSourcesBuildPhase;
			buildActionMask = 2147483647;
			files = (
				B5A6D8831C4FE209001B6ABA /* Into_The_MazeTests.swift in Sources */,
			);
			runOnlyForDeploymentPostprocessing = 0;
		};
		B5A6D8851C4FE209001B6ABA /* Sources */ = {
			isa = PBXSourcesBuildPhase;
			buildActionMask = 2147483647;
			files = (
				B5A6D88E1C4FE209001B6ABA /* Into_The_MazeUITests.swift in Sources */,
			);
			runOnlyForDeploymentPostprocessing = 0;
		};
/* End PBXSourcesBuildPhase section */

/* Begin PBXTargetDependency section */
		B5A6D8801C4FE209001B6ABA /* PBXTargetDependency */ = {
			isa = PBXTargetDependency;
			target = B5A6D8651C4FE209001B6ABA /* Into The Maze */;
			targetProxy = B5A6D87F1C4FE209001B6ABA /* PBXContainerItemProxy */;
		};
		B5A6D88B1C4FE209001B6ABA /* PBXTargetDependency */ = {
			isa = PBXTargetDependency;
			target = B5A6D8651C4FE209001B6ABA /* Into The Maze */;
			targetProxy = B5A6D88A1C4FE209001B6ABA /* PBXContainerItemProxy */;
		};
/* End PBXTargetDependency section */

/* Begin PBXVariantGroup section */
		B5A6D8711C4FE209001B6ABA /* Main.storyboard */ = {
			isa = PBXVariantGroup;
			children = (
				B5A6D8721C4FE209001B6ABA /* Base */,
			);
			name = Main.storyboard;
			sourceTree = "<group>";
		};
		B5A6D8761C4FE209001B6ABA /* LaunchScreen.storyboard */ = {
			isa = PBXVariantGroup;
			children = (
				B5A6D8771C4FE209001B6ABA /* Base */,
			);
			name = LaunchScreen.storyboard;
			sourceTree = "<group>";
		};
/* End PBXVariantGroup section */

/* Begin XCBuildConfiguration section */
		B5A6D8901C4FE209001B6ABA /* Debug */ = {
			isa = XCBuildConfiguration;
			buildSettings = {
				ALWAYS_SEARCH_USER_PATHS = NO;
				CLANG_CXX_LANGUAGE_STANDARD = "gnu++0x";
				CLANG_CXX_LIBRARY = "libc++";
				CLANG_ENABLE_MODULES = YES;
				CLANG_ENABLE_OBJC_ARC = YES;
				CLANG_WARN_BOOL_CONVERSION = YES;
				CLANG_WARN_CONSTANT_CONVERSION = YES;
				CLANG_WARN_DIRECT_OBJC_ISA_USAGE = YES_ERROR;
				CLANG_WARN_EMPTY_BODY = YES;
				CLANG_WARN_ENUM_CONVERSION = YES;
				CLANG_WARN_INT_CONVERSION = YES;
				CLANG_WARN_OBJC_ROOT_CLASS = YES_ERROR;
				CLANG_WARN_UNREACHABLE_CODE = YES;
				CLANG_WARN__DUPLICATE_METHOD_MATCH = YES;
				"CODE_SIGN_IDENTITY[sdk=iphoneos*]" = "iPhone Developer";
				COPY_PHASE_STRIP = NO;
				DEBUG_INFORMATION_FORMAT = "dwarf-with-dsym";
				ENABLE_STRICT_OBJC_MSGSEND = YES;
				ENABLE_TESTABILITY = YES;
				GCC_C_LANGUAGE_STANDARD = gnu99;
				GCC_DYNAMIC_NO_PIC = NO;
				GCC_NO_COMMON_BLOCKS = YES;
				GCC_OPTIMIZATION_LEVEL = 0;
				GCC_PREPROCESSOR_DEFINITIONS = (
					"DEBUG=1",
					"$(inherited)",
				);
				GCC_WARN_64_TO_32_BIT_CONVERSION = YES;
				GCC_WARN_ABOUT_RETURN_TYPE = YES_ERROR;
				GCC_WARN_UNDECLARED_SELECTOR = YES;
				GCC_WARN_UNINITIALIZED_AUTOS = YES_AGGRESSIVE;
				GCC_WARN_UNUSED_FUNCTION = YES;
				GCC_WARN_UNUSED_VARIABLE = YES;
				IPHONEOS_DEPLOYMENT_TARGET = 9.0;
				MTL_ENABLE_DEBUG_INFO = YES;
				ONLY_ACTIVE_ARCH = YES;
				SDKROOT = iphoneos;
				SWIFT_OPTIMIZATION_LEVEL = "-Onone";
				TARGETED_DEVICE_FAMILY = "1,2";
			};
			name = Debug;
		};
		B5A6D8911C4FE209001B6ABA /* Release */ = {
			isa = XCBuildConfiguration;
			buildSettings = {
				ALWAYS_SEARCH_USER_PATHS = NO;
				CLANG_CXX_LANGUAGE_STANDARD = "gnu++0x";
				CLANG_CXX_LIBRARY = "libc++";
				CLANG_ENABLE_MODULES = YES;
				CLANG_ENABLE_OBJC_ARC = YES;
				CLANG_WARN_BOOL_CONVERSION = YES;
				CLANG_WARN_CONSTANT_CONVERSION = YES;
				CLANG_WARN_DIRECT_OBJC_ISA_USAGE = YES_ERROR;
				CLANG_WARN_EMPTY_BODY = YES;
				CLANG_WARN_ENUM_CONVERSION = YES;
				CLANG_WARN_INT_CONVERSION = YES;
				CLANG_WARN_OBJC_ROOT_CLASS = YES_ERROR;
				CLANG_WARN_UNREACHABLE_CODE = YES;
				CLANG_WARN__DUPLICATE_METHOD_MATCH = YES;
				"CODE_SIGN_IDENTITY[sdk=iphoneos*]" = "iPhone Developer";
				COPY_PHASE_STRIP = NO;
				DEBUG_INFORMATION_FORMAT = "dwarf-with-dsym";
				ENABLE_NS_ASSERTIONS = NO;
				ENABLE_STRICT_OBJC_MSGSEND = YES;
				GCC_C_LANGUAGE_STANDARD = gnu99;
				GCC_NO_COMMON_BLOCKS = YES;
				GCC_WARN_64_TO_32_BIT_CONVERSION = YES;
				GCC_WARN_ABOUT_RETURN_TYPE = YES_ERROR;
				GCC_WARN_UNDECLARED_SELECTOR = YES;
				GCC_WARN_UNINITIALIZED_AUTOS = YES_AGGRESSIVE;
				GCC_WARN_UNUSED_FUNCTION = YES;
				GCC_WARN_UNUSED_VARIABLE = YES;
				IPHONEOS_DEPLOYMENT_TARGET = 9.0;
				MTL_ENABLE_DEBUG_INFO = NO;
				SDKROOT = iphoneos;
				TARGETED_DEVICE_FAMILY = "1,2";
				VALIDATE_PRODUCT = YES;
			};
			name = Release;
		};
		B5A6D8931C4FE209001B6ABA /* Debug */ = {
			isa = XCBuildConfiguration;
			buildSettings = {
				ASSETCATALOG_COMPILER_APPICON_NAME = AppIcon;
				CODE_SIGN_IDENTITY = "iPhone Developer";
				"CODE_SIGN_IDENTITY[sdk=iphoneos*]" = "iPhone Developer";
				FRAMEWORK_SEARCH_PATHS = (
					"$(inherited)",
					"$(PROJECT_DIR)",
				);
				INFOPLIST_FILE = "Into The Maze/Info.plist";
				IPHONEOS_DEPLOYMENT_TARGET = 8.1;
				LD_RUNPATH_SEARCH_PATHS = "$(inherited) @executable_path/Frameworks";
				PRODUCT_BUNDLE_IDENTIFIER = "net.Beliro.Into-The-Maze";
				PRODUCT_NAME = "$(TARGET_NAME)";
				PROVISIONING_PROFILE = "";
			};
			name = Debug;
		};
		B5A6D8941C4FE209001B6ABA /* Release */ = {
			isa = XCBuildConfiguration;
			buildSettings = {
				ASSETCATALOG_COMPILER_APPICON_NAME = AppIcon;
				CODE_SIGN_IDENTITY = "iPhone Developer";
				"CODE_SIGN_IDENTITY[sdk=iphoneos*]" = "iPhone Developer";
				FRAMEWORK_SEARCH_PATHS = (
					"$(inherited)",
					"$(PROJECT_DIR)",
				);
				INFOPLIST_FILE = "Into The Maze/Info.plist";
				IPHONEOS_DEPLOYMENT_TARGET = 8.1;
				LD_RUNPATH_SEARCH_PATHS = "$(inherited) @executable_path/Frameworks";
				PRODUCT_BUNDLE_IDENTIFIER = "net.Beliro.Into-The-Maze";
				PRODUCT_NAME = "$(TARGET_NAME)";
				PROVISIONING_PROFILE = "";
			};
			name = Release;
		};
		B5A6D8961C4FE209001B6ABA /* Debug */ = {
			isa = XCBuildConfiguration;
			buildSettings = {
				BUNDLE_LOADER = "$(TEST_HOST)";
				DEBUG_INFORMATION_FORMAT = dwarf;
				INFOPLIST_FILE = "Into The MazeTests/Info.plist";
				LD_RUNPATH_SEARCH_PATHS = "$(inherited) @executable_path/Frameworks @loader_path/Frameworks";
				PRODUCT_BUNDLE_IDENTIFIER = "net.Beliro.Into-The-MazeTests";
				PRODUCT_NAME = "$(TARGET_NAME)";
				TEST_HOST = "$(BUILT_PRODUCTS_DIR)/Into The Maze.app/Into The Maze";
			};
			name = Debug;
		};
		B5A6D8971C4FE209001B6ABA /* Release */ = {
			isa = XCBuildConfiguration;
			buildSettings = {
				BUNDLE_LOADER = "$(TEST_HOST)";
				INFOPLIST_FILE = "Into The MazeTests/Info.plist";
				LD_RUNPATH_SEARCH_PATHS = "$(inherited) @executable_path/Frameworks @loader_path/Frameworks";
				PRODUCT_BUNDLE_IDENTIFIER = "net.Beliro.Into-The-MazeTests";
				PRODUCT_NAME = "$(TARGET_NAME)";
				TEST_HOST = "$(BUILT_PRODUCTS_DIR)/Into The Maze.app/Into The Maze";
			};
			name = Release;
		};
		B5A6D8991C4FE209001B6ABA /* Debug */ = {
			isa = XCBuildConfiguration;
			buildSettings = {
				DEBUG_INFORMATION_FORMAT = dwarf;
				INFOPLIST_FILE = "Into The MazeUITests/Info.plist";
				LD_RUNPATH_SEARCH_PATHS = "$(inherited) @executable_path/Frameworks @loader_path/Frameworks";
				PRODUCT_BUNDLE_IDENTIFIER = "net.Beliro.Into-The-MazeUITests";
				PRODUCT_NAME = "$(TARGET_NAME)";
				TEST_TARGET_NAME = "Into The Maze";
				USES_XCTRUNNER = YES;
			};
			name = Debug;
		};
		B5A6D89A1C4FE209001B6ABA /* Release */ = {
			isa = XCBuildConfiguration;
			buildSettings = {
				INFOPLIST_FILE = "Into The MazeUITests/Info.plist";
				LD_RUNPATH_SEARCH_PATHS = "$(inherited) @executable_path/Frameworks @loader_path/Frameworks";
				PRODUCT_BUNDLE_IDENTIFIER = "net.Beliro.Into-The-MazeUITests";
				PRODUCT_NAME = "$(TARGET_NAME)";
				TEST_TARGET_NAME = "Into The Maze";
				USES_XCTRUNNER = YES;
			};
			name = Release;
		};
/* End XCBuildConfiguration section */

/* Begin XCConfigurationList section */
		B5A6D8611C4FE209001B6ABA /* Build configuration list for PBXProject "Into The Maze" */ = {
			isa = XCConfigurationList;
			buildConfigurations = (
				B5A6D8901C4FE209001B6ABA /* Debug */,
				B5A6D8911C4FE209001B6ABA /* Release */,
			);
			defaultConfigurationIsVisible = 0;
			defaultConfigurationName = Release;
		};
		B5A6D8921C4FE209001B6ABA /* Build configuration list for PBXNativeTarget "Into The Maze" */ = {
			isa = XCConfigurationList;
			buildConfigurations = (
				B5A6D8931C4FE209001B6ABA /* Debug */,
				B5A6D8941C4FE209001B6ABA /* Release */,
			);
			defaultConfigurationIsVisible = 0;
			defaultConfigurationName = Release;
		};
		B5A6D8951C4FE209001B6ABA /* Build configuration list for PBXNativeTarget "Into The MazeTests" */ = {
			isa = XCConfigurationList;
			buildConfigurations = (
				B5A6D8961C4FE209001B6ABA /* Debug */,
				B5A6D8971C4FE209001B6ABA /* Release */,
			);
			defaultConfigurationIsVisible = 0;
			defaultConfigurationName = Release;
		};
		B5A6D8981C4FE209001B6ABA /* Build configuration list for PBXNativeTarget "Into The MazeUITests" */ = {
			isa = XCConfigurationList;
			buildConfigurations = (
				B5A6D8991C4FE209001B6ABA /* Debug */,
				B5A6D89A1C4FE209001B6ABA /* Release */,
			);
			defaultConfigurationIsVisible = 0;
			defaultConfigurationName = Release;
		};
/* End XCConfigurationList section */
	};
	rootObject = B5A6D85E1C4FE209001B6ABA /* Project object */;
}
